// !$*UTF8*$!
{
	archiveVersion = 1;
	classes = {
	};
	objectVersion = 56;
	objects = {

/* Begin PBXBuildFile section */
		C0F0077D296EDC6200B027D6 /* RegisterGetResponse.swift in Sources */ = {isa = PBXBuildFile; fileRef = C0F0077C296EDC6200B027D6 /* RegisterGetResponse.swift */; };
		F21AE9FD28A3A764008EBF6B /* App.swift in Sources */ = {isa = PBXBuildFile; fileRef = F21AE9FC28A3A764008EBF6B /* App.swift */; };
		F21AE9FF28A3A764008EBF6B /* ContentView.swift in Sources */ = {isa = PBXBuildFile; fileRef = F21AE9FE28A3A764008EBF6B /* ContentView.swift */; };
		F21AEA0128A3A765008EBF6B /* Assets.xcassets in Resources */ = {isa = PBXBuildFile; fileRef = F21AEA0028A3A765008EBF6B /* Assets.xcassets */; };
		F21AEA0428A3A765008EBF6B /* Preview Assets.xcassets in Resources */ = {isa = PBXBuildFile; fileRef = F21AEA0328A3A765008EBF6B /* Preview Assets.xcassets */; };
		F22C261528B2B603003CB880 /* SwiftyJSON in Frameworks */ = {isa = PBXBuildFile; productRef = F22C261428B2B603003CB880 /* SwiftyJSON */; };
		F280378128A5C0F4001B194B /* Juri.swift in Sources */ = {isa = PBXBuildFile; fileRef = F280378028A5C0F4001B194B /* Juri.swift */; };
		F280378728A5C423001B194B /* SwiftUIGIF in Frameworks */ = {isa = PBXBuildFile; productRef = F280378628A5C423001B194B /* SwiftUIGIF */; };
		F280378928A5C7FD001B194B /* Header.swift in Sources */ = {isa = PBXBuildFile; fileRef = F280378828A5C7FD001B194B /* Header.swift */; };
		F280378C28A5CE03001B194B /* LocalStorage.swift in Sources */ = {isa = PBXBuildFile; fileRef = F280378B28A5CE03001B194B /* LocalStorage.swift */; };
		F280378E28A5CF59001B194B /* UserSession.swift in Sources */ = {isa = PBXBuildFile; fileRef = F280378D28A5CF59001B194B /* UserSession.swift */; };
		F280379128A5CF92001B194B /* User.swift in Sources */ = {isa = PBXBuildFile; fileRef = F280379028A5CF92001B194B /* User.swift */; };
		F28D504D28B22D1800EC5E5D /* LoginGetResponse.swift in Sources */ = {isa = PBXBuildFile; fileRef = F28D504C28B22D1800EC5E5D /* LoginGetResponse.swift */; };
		F28D504F28B22EA200EC5E5D /* PasskeysHandler.swift in Sources */ = {isa = PBXBuildFile; fileRef = F28D504E28B22EA200EC5E5D /* PasskeysHandler.swift */; };
		F28D505128B22ECD00EC5E5D /* AllowedCredential.swift in Sources */ = {isa = PBXBuildFile; fileRef = F28D505028B22ECD00EC5E5D /* AllowedCredential.swift */; };
		F2B090F828A6722C00EDB873 /* APIResponseWithData.swift in Sources */ = {isa = PBXBuildFile; fileRef = F2B090F728A6722C00EDB873 /* APIResponseWithData.swift */; };
		F2B090FA28A6733F00EDB873 /* APIResponseWithoutData.swift in Sources */ = {isa = PBXBuildFile; fileRef = F2B090F928A6733F00EDB873 /* APIResponseWithoutData.swift */; };
		F2B090FD28A673BE00EDB873 /* Alamofire in Frameworks */ = {isa = PBXBuildFile; productRef = F2B090FC28A673BE00EDB873 /* Alamofire */; };
/* End PBXBuildFile section */

/* Begin PBXFileReference section */
		C0F0077C296EDC6200B027D6 /* RegisterGetResponse.swift */ = {isa = PBXFileReference; lastKnownFileType = sourcecode.swift; path = RegisterGetResponse.swift; sourceTree = "<group>"; };
		F21AE9F928A3A764008EBF6B /* じゅり.app */ = {isa = PBXFileReference; explicitFileType = wrapper.application; includeInIndex = 0; path = "じゅり.app"; sourceTree = BUILT_PRODUCTS_DIR; };
		F21AE9FC28A3A764008EBF6B /* App.swift */ = {isa = PBXFileReference; lastKnownFileType = sourcecode.swift; path = App.swift; sourceTree = "<group>"; };
		F21AE9FE28A3A764008EBF6B /* ContentView.swift */ = {isa = PBXFileReference; lastKnownFileType = sourcecode.swift; path = ContentView.swift; sourceTree = "<group>"; };
		F21AEA0028A3A765008EBF6B /* Assets.xcassets */ = {isa = PBXFileReference; lastKnownFileType = folder.assetcatalog; path = Assets.xcassets; sourceTree = "<group>"; };
		F21AEA0328A3A765008EBF6B /* Preview Assets.xcassets */ = {isa = PBXFileReference; lastKnownFileType = folder.assetcatalog; path = "Preview Assets.xcassets"; sourceTree = "<group>"; };
		F280378028A5C0F4001B194B /* Juri.swift */ = {isa = PBXFileReference; lastKnownFileType = sourcecode.swift; path = Juri.swift; sourceTree = "<group>"; };
		F280378828A5C7FD001B194B /* Header.swift */ = {isa = PBXFileReference; lastKnownFileType = sourcecode.swift; path = Header.swift; sourceTree = "<group>"; };
		F280378B28A5CE03001B194B /* LocalStorage.swift */ = {isa = PBXFileReference; lastKnownFileType = sourcecode.swift; path = LocalStorage.swift; sourceTree = "<group>"; };
		F280378D28A5CF59001B194B /* UserSession.swift */ = {isa = PBXFileReference; lastKnownFileType = sourcecode.swift; path = UserSession.swift; sourceTree = "<group>"; };
		F280379028A5CF92001B194B /* User.swift */ = {isa = PBXFileReference; lastKnownFileType = sourcecode.swift; path = User.swift; sourceTree = "<group>"; };
		F28D504C28B22D1800EC5E5D /* LoginGetResponse.swift */ = {isa = PBXFileReference; lastKnownFileType = sourcecode.swift; path = LoginGetResponse.swift; sourceTree = "<group>"; };
		F28D504E28B22EA200EC5E5D /* PasskeysHandler.swift */ = {isa = PBXFileReference; lastKnownFileType = sourcecode.swift; path = PasskeysHandler.swift; sourceTree = "<group>"; };
		F28D505028B22ECD00EC5E5D /* AllowedCredential.swift */ = {isa = PBXFileReference; lastKnownFileType = sourcecode.swift; path = AllowedCredential.swift; sourceTree = "<group>"; };
		F2989ED028A3AD4F008A8163 /* じゅり.entitlements */ = {isa = PBXFileReference; lastKnownFileType = text.plist.entitlements; path = "じゅり.entitlements"; sourceTree = "<group>"; };
		F2B090F728A6722C00EDB873 /* APIResponseWithData.swift */ = {isa = PBXFileReference; lastKnownFileType = sourcecode.swift; path = APIResponseWithData.swift; sourceTree = "<group>"; };
		F2B090F928A6733F00EDB873 /* APIResponseWithoutData.swift */ = {isa = PBXFileReference; lastKnownFileType = sourcecode.swift; path = APIResponseWithoutData.swift; sourceTree = "<group>"; };
/* End PBXFileReference section */

/* Begin PBXFrameworksBuildPhase section */
		F21AE9F628A3A764008EBF6B /* Frameworks */ = {
			isa = PBXFrameworksBuildPhase;
			buildActionMask = 2147483647;
			files = (
				F22C261528B2B603003CB880 /* SwiftyJSON in Frameworks */,
				F280378728A5C423001B194B /* SwiftUIGIF in Frameworks */,
				F2B090FD28A673BE00EDB873 /* Alamofire in Frameworks */,
			);
			runOnlyForDeploymentPostprocessing = 0;
		};
/* End PBXFrameworksBuildPhase section */

/* Begin PBXGroup section */
		F21AE9F028A3A764008EBF6B = {
			isa = PBXGroup;
			children = (
				F21AE9FB28A3A764008EBF6B /* じゅり */,
				F21AE9FA28A3A764008EBF6B /* Products */,
			);
			indentWidth = 2;
			sourceTree = "<group>";
			tabWidth = 2;
		};
		F21AE9FA28A3A764008EBF6B /* Products */ = {
			isa = PBXGroup;
			children = (
				F21AE9F928A3A764008EBF6B /* じゅり.app */,
			);
			name = Products;
			sourceTree = "<group>";
		};
		F21AE9FB28A3A764008EBF6B /* じゅり */ = {
			isa = PBXGroup;
			children = (
				F2B090FE28A678B600EDB873 /* Style */,
				F280378F28A5CF86001B194B /* Codable */,
				F280378A28A5CDF9001B194B /* Data */,
				F280377F28A5C0EA001B194B /* Components */,
				F2989ED028A3AD4F008A8163 /* じゅり.entitlements */,
				F21AE9FC28A3A764008EBF6B /* App.swift */,
				F21AE9FE28A3A764008EBF6B /* ContentView.swift */,
				F21AEA0028A3A765008EBF6B /* Assets.xcassets */,
				F21AEA0228A3A765008EBF6B /* Preview Content */,
			);
			name = "じゅり";
			path = "じゅり";
			sourceTree = "<group>";
		};
		F21AEA0228A3A765008EBF6B /* Preview Content */ = {
			isa = PBXGroup;
			children = (
				F21AEA0328A3A765008EBF6B /* Preview Assets.xcassets */,
			);
			path = "Preview Content";
			sourceTree = "<group>";
		};
		F280377F28A5C0EA001B194B /* Components */ = {
			isa = PBXGroup;
			children = (
				F280378028A5C0F4001B194B /* Juri.swift */,
				F280378828A5C7FD001B194B /* Header.swift */,
			);
			path = Components;
			sourceTree = "<group>";
		};
		F280378A28A5CDF9001B194B /* Data */ = {
			isa = PBXGroup;
			children = (
				F280378B28A5CE03001B194B /* LocalStorage.swift */,
				F280378D28A5CF59001B194B /* UserSession.swift */,
				F28D504E28B22EA200EC5E5D /* PasskeysHandler.swift */,
			);
			path = Data;
			sourceTree = "<group>";
		};
		F280378F28A5CF86001B194B /* Codable */ = {
			isa = PBXGroup;
			children = (
				F280379028A5CF92001B194B /* User.swift */,
				F2B090F728A6722C00EDB873 /* APIResponseWithData.swift */,
				F2B090F928A6733F00EDB873 /* APIResponseWithoutData.swift */,
				F28D504C28B22D1800EC5E5D /* LoginGetResponse.swift */,
				C0F0077C296EDC6200B027D6 /* RegisterGetResponse.swift */,
				F28D505028B22ECD00EC5E5D /* AllowedCredential.swift */,
			);
			path = Codable;
			sourceTree = "<group>";
		};
		F2B090FE28A678B600EDB873 /* Style */ = {
			isa = PBXGroup;
			children = (
			);
			path = Style;
			sourceTree = "<group>";
		};
/* End PBXGroup section */

/* Begin PBXNativeTarget section */
		F21AE9F828A3A764008EBF6B /* じゅり */ = {
			isa = PBXNativeTarget;
			buildConfigurationList = F21AEA0728A3A765008EBF6B /* Build configuration list for PBXNativeTarget "じゅり" */;
			buildPhases = (
				F21AE9F528A3A764008EBF6B /* Sources */,
				F21AE9F628A3A764008EBF6B /* Frameworks */,
				F21AE9F728A3A764008EBF6B /* Resources */,
			);
			buildRules = (
			);
			dependencies = (
			);
			name = "じゅり";
			packageProductDependencies = (
				F280378628A5C423001B194B /* SwiftUIGIF */,
				F2B090FC28A673BE00EDB873 /* Alamofire */,
				F22C261428B2B603003CB880 /* SwiftyJSON */,
			);
			productName = "みのり";
			productReference = F21AE9F928A3A764008EBF6B /* じゅり.app */;
			productType = "com.apple.product-type.application";
		};
/* End PBXNativeTarget section */

/* Begin PBXProject section */
		F21AE9F128A3A764008EBF6B /* Project object */ = {
			isa = PBXProject;
			attributes = {
				BuildIndependentTargetsInParallel = 1;
				LastSwiftUpdateCheck = 1400;
				LastUpgradeCheck = 1400;
				TargetAttributes = {
					F21AE9F828A3A764008EBF6B = {
						CreatedOnToolsVersion = 14.0;
					};
				};
			};
			buildConfigurationList = F21AE9F428A3A764008EBF6B /* Build configuration list for PBXProject "じゅり" */;
			compatibilityVersion = "Xcode 14.0";
			developmentRegion = en;
			hasScannedForEncodings = 0;
			knownRegions = (
				en,
				Base,
			);
			mainGroup = F21AE9F028A3A764008EBF6B;
			packageReferences = (
				F280378528A5C423001B194B /* XCRemoteSwiftPackageReference "swiftui-gif" */,
				F2B090FB28A673BE00EDB873 /* XCRemoteSwiftPackageReference "Alamofire" */,
				F22C261328B2B603003CB880 /* XCRemoteSwiftPackageReference "SwiftyJSON" */,
			);
			productRefGroup = F21AE9FA28A3A764008EBF6B /* Products */;
			projectDirPath = "";
			projectRoot = "";
			targets = (
				F21AE9F828A3A764008EBF6B /* じゅり */,
			);
		};
/* End PBXProject section */

/* Begin PBXResourcesBuildPhase section */
		F21AE9F728A3A764008EBF6B /* Resources */ = {
			isa = PBXResourcesBuildPhase;
			buildActionMask = 2147483647;
			files = (
				F21AEA0428A3A765008EBF6B /* Preview Assets.xcassets in Resources */,
				F21AEA0128A3A765008EBF6B /* Assets.xcassets in Resources */,
			);
			runOnlyForDeploymentPostprocessing = 0;
		};
/* End PBXResourcesBuildPhase section */

/* Begin PBXSourcesBuildPhase section */
		F21AE9F528A3A764008EBF6B /* Sources */ = {
			isa = PBXSourcesBuildPhase;
			buildActionMask = 2147483647;
			files = (
				F28D504F28B22EA200EC5E5D /* PasskeysHandler.swift in Sources */,
				F280378928A5C7FD001B194B /* Header.swift in Sources */,
				F280378C28A5CE03001B194B /* LocalStorage.swift in Sources */,
				F280378128A5C0F4001B194B /* Juri.swift in Sources */,
				F28D504D28B22D1800EC5E5D /* LoginGetResponse.swift in Sources */,
				F28D505128B22ECD00EC5E5D /* AllowedCredential.swift in Sources */,
				F280378E28A5CF59001B194B /* UserSession.swift in Sources */,
				F2B090FA28A6733F00EDB873 /* APIResponseWithoutData.swift in Sources */,
				F21AE9FF28A3A764008EBF6B /* ContentView.swift in Sources */,
				F2B090F828A6722C00EDB873 /* APIResponseWithData.swift in Sources */,
				C0F0077D296EDC6200B027D6 /* RegisterGetResponse.swift in Sources */,
				F21AE9FD28A3A764008EBF6B /* App.swift in Sources */,
				F280379128A5CF92001B194B /* User.swift in Sources */,
			);
			runOnlyForDeploymentPostprocessing = 0;
		};
/* End PBXSourcesBuildPhase section */

/* Begin XCBuildConfiguration section */
		F21AEA0528A3A765008EBF6B /* Debug */ = {
			isa = XCBuildConfiguration;
			buildSettings = {
				ALWAYS_SEARCH_USER_PATHS = NO;
				CLANG_ANALYZER_NONNULL = YES;
				CLANG_ANALYZER_NUMBER_OBJECT_CONVERSION = YES_AGGRESSIVE;
				CLANG_CXX_LANGUAGE_STANDARD = "gnu++20";
				CLANG_ENABLE_MODULES = YES;
				CLANG_ENABLE_OBJC_ARC = YES;
				CLANG_ENABLE_OBJC_WEAK = YES;
				CLANG_WARN_BLOCK_CAPTURE_AUTORELEASING = YES;
				CLANG_WARN_BOOL_CONVERSION = YES;
				CLANG_WARN_COMMA = YES;
				CLANG_WARN_CONSTANT_CONVERSION = YES;
				CLANG_WARN_DEPRECATED_OBJC_IMPLEMENTATIONS = YES;
				CLANG_WARN_DIRECT_OBJC_ISA_USAGE = YES_ERROR;
				CLANG_WARN_DOCUMENTATION_COMMENTS = YES;
				CLANG_WARN_EMPTY_BODY = YES;
				CLANG_WARN_ENUM_CONVERSION = YES;
				CLANG_WARN_INFINITE_RECURSION = YES;
				CLANG_WARN_INT_CONVERSION = YES;
				CLANG_WARN_NON_LITERAL_NULL_CONVERSION = YES;
				CLANG_WARN_OBJC_IMPLICIT_RETAIN_SELF = YES;
				CLANG_WARN_OBJC_LITERAL_CONVERSION = YES;
				CLANG_WARN_OBJC_ROOT_CLASS = YES_ERROR;
				CLANG_WARN_QUOTED_INCLUDE_IN_FRAMEWORK_HEADER = YES;
				CLANG_WARN_RANGE_LOOP_ANALYSIS = YES;
				CLANG_WARN_STRICT_PROTOTYPES = YES;
				CLANG_WARN_SUSPICIOUS_MOVE = YES;
				CLANG_WARN_UNGUARDED_AVAILABILITY = YES_AGGRESSIVE;
				CLANG_WARN_UNREACHABLE_CODE = YES;
				CLANG_WARN__DUPLICATE_METHOD_MATCH = YES;
				COPY_PHASE_STRIP = NO;
				DEBUG_INFORMATION_FORMAT = dwarf;
				ENABLE_STRICT_OBJC_MSGSEND = YES;
				ENABLE_TESTABILITY = YES;
				GCC_C_LANGUAGE_STANDARD = gnu11;
				GCC_DYNAMIC_NO_PIC = NO;
				GCC_NO_COMMON_BLOCKS = YES;
				GCC_OPTIMIZATION_LEVEL = 0;
				GCC_PREPROCESSOR_DEFINITIONS = (
					"DEBUG=1",
					"$(inherited)",
				);
				GCC_WARN_64_TO_32_BIT_CONVERSION = YES;
				GCC_WARN_ABOUT_RETURN_TYPE = YES_ERROR;
				GCC_WARN_UNDECLARED_SELECTOR = YES;
				GCC_WARN_UNINITIALIZED_AUTOS = YES_AGGRESSIVE;
				GCC_WARN_UNUSED_FUNCTION = YES;
				GCC_WARN_UNUSED_VARIABLE = YES;
				IPHONEOS_DEPLOYMENT_TARGET = 16.0;
				MTL_ENABLE_DEBUG_INFO = INCLUDE_SOURCE;
				MTL_FAST_MATH = YES;
				ONLY_ACTIVE_ARCH = YES;
				SDKROOT = iphoneos;
				SWIFT_ACTIVE_COMPILATION_CONDITIONS = DEBUG;
				SWIFT_OPTIMIZATION_LEVEL = "-Onone";
			};
			name = Debug;
		};
		F21AEA0628A3A765008EBF6B /* Release */ = {
			isa = XCBuildConfiguration;
			buildSettings = {
				ALWAYS_SEARCH_USER_PATHS = NO;
				CLANG_ANALYZER_NONNULL = YES;
				CLANG_ANALYZER_NUMBER_OBJECT_CONVERSION = YES_AGGRESSIVE;
				CLANG_CXX_LANGUAGE_STANDARD = "gnu++20";
				CLANG_ENABLE_MODULES = YES;
				CLANG_ENABLE_OBJC_ARC = YES;
				CLANG_ENABLE_OBJC_WEAK = YES;
				CLANG_WARN_BLOCK_CAPTURE_AUTORELEASING = YES;
				CLANG_WARN_BOOL_CONVERSION = YES;
				CLANG_WARN_COMMA = YES;
				CLANG_WARN_CONSTANT_CONVERSION = YES;
				CLANG_WARN_DEPRECATED_OBJC_IMPLEMENTATIONS = YES;
				CLANG_WARN_DIRECT_OBJC_ISA_USAGE = YES_ERROR;
				CLANG_WARN_DOCUMENTATION_COMMENTS = YES;
				CLANG_WARN_EMPTY_BODY = YES;
				CLANG_WARN_ENUM_CONVERSION = YES;
				CLANG_WARN_INFINITE_RECURSION = YES;
				CLANG_WARN_INT_CONVERSION = YES;
				CLANG_WARN_NON_LITERAL_NULL_CONVERSION = YES;
				CLANG_WARN_OBJC_IMPLICIT_RETAIN_SELF = YES;
				CLANG_WARN_OBJC_LITERAL_CONVERSION = YES;
				CLANG_WARN_OBJC_ROOT_CLASS = YES_ERROR;
				CLANG_WARN_QUOTED_INCLUDE_IN_FRAMEWORK_HEADER = YES;
				CLANG_WARN_RANGE_LOOP_ANALYSIS = YES;
				CLANG_WARN_STRICT_PROTOTYPES = YES;
				CLANG_WARN_SUSPICIOUS_MOVE = YES;
				CLANG_WARN_UNGUARDED_AVAILABILITY = YES_AGGRESSIVE;
				CLANG_WARN_UNREACHABLE_CODE = YES;
				CLANG_WARN__DUPLICATE_METHOD_MATCH = YES;
				COPY_PHASE_STRIP = NO;
				DEBUG_INFORMATION_FORMAT = "dwarf-with-dsym";
				ENABLE_NS_ASSERTIONS = NO;
				ENABLE_STRICT_OBJC_MSGSEND = YES;
				GCC_C_LANGUAGE_STANDARD = gnu11;
				GCC_NO_COMMON_BLOCKS = YES;
				GCC_WARN_64_TO_32_BIT_CONVERSION = YES;
				GCC_WARN_ABOUT_RETURN_TYPE = YES_ERROR;
				GCC_WARN_UNDECLARED_SELECTOR = YES;
				GCC_WARN_UNINITIALIZED_AUTOS = YES_AGGRESSIVE;
				GCC_WARN_UNUSED_FUNCTION = YES;
				GCC_WARN_UNUSED_VARIABLE = YES;
				IPHONEOS_DEPLOYMENT_TARGET = 16.0;
				MTL_ENABLE_DEBUG_INFO = NO;
				MTL_FAST_MATH = YES;
				SDKROOT = iphoneos;
				SWIFT_COMPILATION_MODE = wholemodule;
				SWIFT_OPTIMIZATION_LEVEL = "-O";
				VALIDATE_PRODUCT = YES;
			};
			name = Release;
		};
		F21AEA0828A3A765008EBF6B /* Debug */ = {
			isa = XCBuildConfiguration;
			buildSettings = {
				ASSETCATALOG_COMPILER_APPICON_NAME = AppIcon;
				ASSETCATALOG_COMPILER_GLOBAL_ACCENT_COLOR_NAME = AccentColor;
				CODE_SIGN_ENTITLEMENTS = "じゅり/じゅり.entitlements";
				CODE_SIGN_STYLE = Automatic;
				CURRENT_PROJECT_VERSION = 1;
				DEVELOPMENT_ASSET_PATHS = "\"じゅり/Preview Content\"";
				DEVELOPMENT_TEAM = 3Q5KKY45ZN;
				ENABLE_PREVIEWS = YES;
				GENERATE_INFOPLIST_FILE = YES;
				INFOPLIST_KEY_CFBundleDisplayName = "じゅり";
				INFOPLIST_KEY_LSApplicationCategoryType = "public.app-category.entertainment";
				INFOPLIST_KEY_UIApplicationSceneManifest_Generation = YES;
				INFOPLIST_KEY_UIApplicationSupportsIndirectInputEvents = YES;
				INFOPLIST_KEY_UILaunchScreen_Generation = YES;
				INFOPLIST_KEY_UIStatusBarStyle = UIStatusBarStyleLightContent;
				INFOPLIST_KEY_UISupportedInterfaceOrientations = UIInterfaceOrientationPortrait;
				LD_RUNPATH_SEARCH_PATHS = (
					"$(inherited)",
					"@executable_path/Frameworks",
				);
				MARKETING_VERSION = 1.0;
				PRODUCT_BUNDLE_IDENTIFIER = com.rayriffy.juri;
				PRODUCT_NAME = "$(TARGET_NAME)";
				SUPPORTED_PLATFORMS = "iphoneos iphonesimulator";
				SUPPORTS_MACCATALYST = NO;
				SUPPORTS_MAC_DESIGNED_FOR_IPHONE_IPAD = NO;
				SWIFT_EMIT_LOC_STRINGS = YES;
				SWIFT_VERSION = 5.0;
				TARGETED_DEVICE_FAMILY = "1,2";
				UIUserInterfaceStyle = Light;
			};
			name = Debug;
		};
		F21AEA0928A3A765008EBF6B /* Release */ = {
			isa = XCBuildConfiguration;
			buildSettings = {
				ASSETCATALOG_COMPILER_APPICON_NAME = AppIcon;
				ASSETCATALOG_COMPILER_GLOBAL_ACCENT_COLOR_NAME = AccentColor;
				CODE_SIGN_ENTITLEMENTS = "じゅり/じゅり.entitlements";
				CODE_SIGN_STYLE = Automatic;
				CURRENT_PROJECT_VERSION = 1;
				DEVELOPMENT_ASSET_PATHS = "\"じゅり/Preview Content\"";
				DEVELOPMENT_TEAM = 3Q5KKY45ZN;
				ENABLE_PREVIEWS = YES;
				GENERATE_INFOPLIST_FILE = YES;
				INFOPLIST_KEY_CFBundleDisplayName = "じゅり";
				INFOPLIST_KEY_LSApplicationCategoryType = "public.app-category.entertainment";
				INFOPLIST_KEY_UIApplicationSceneManifest_Generation = YES;
				INFOPLIST_KEY_UIApplicationSupportsIndirectInputEvents = YES;
				INFOPLIST_KEY_UILaunchScreen_Generation = YES;
				INFOPLIST_KEY_UIStatusBarStyle = UIStatusBarStyleLightContent;
				INFOPLIST_KEY_UISupportedInterfaceOrientations = UIInterfaceOrientationPortrait;
				LD_RUNPATH_SEARCH_PATHS = (
					"$(inherited)",
					"@executable_path/Frameworks",
				);
				MARKETING_VERSION = 1.0;
				PRODUCT_BUNDLE_IDENTIFIER = com.rayriffy.juri;
				PRODUCT_NAME = "$(TARGET_NAME)";
				SUPPORTED_PLATFORMS = "iphoneos iphonesimulator";
				SUPPORTS_MACCATALYST = NO;
				SUPPORTS_MAC_DESIGNED_FOR_IPHONE_IPAD = NO;
				SWIFT_EMIT_LOC_STRINGS = YES;
				SWIFT_VERSION = 5.0;
				TARGETED_DEVICE_FAMILY = "1,2";
				UIUserInterfaceStyle = Light;
			};
			name = Release;
		};
/* End XCBuildConfiguration section */

/* Begin XCConfigurationList section */
		F21AE9F428A3A764008EBF6B /* Build configuration list for PBXProject "じゅり" */ = {
			isa = XCConfigurationList;
			buildConfigurations = (
				F21AEA0528A3A765008EBF6B /* Debug */,
				F21AEA0628A3A765008EBF6B /* Release */,
			);
			defaultConfigurationIsVisible = 0;
			defaultConfigurationName = Release;
		};
		F21AEA0728A3A765008EBF6B /* Build configuration list for PBXNativeTarget "じゅり" */ = {
			isa = XCConfigurationList;
			buildConfigurations = (
				F21AEA0828A3A765008EBF6B /* Debug */,
				F21AEA0928A3A765008EBF6B /* Release */,
			);
			defaultConfigurationIsVisible = 0;
			defaultConfigurationName = Release;
		};
/* End XCConfigurationList section */

/* Begin XCRemoteSwiftPackageReference section */
		F22C261328B2B603003CB880 /* XCRemoteSwiftPackageReference "SwiftyJSON" */ = {
			isa = XCRemoteSwiftPackageReference;
			repositoryURL = "https://github.com/SwiftyJSON/SwiftyJSON.git";
			requirement = {
				kind = upToNextMajorVersion;
				minimumVersion = 5.0.0;
			};
		};
		F280378528A5C423001B194B /* XCRemoteSwiftPackageReference "swiftui-gif" */ = {
			isa = XCRemoteSwiftPackageReference;
			repositoryURL = "https://github.com/globulus/swiftui-gif.git";
			requirement = {
				kind = upToNextMajorVersion;
				minimumVersion = 1.0.0;
			};
		};
		F2B090FB28A673BE00EDB873 /* XCRemoteSwiftPackageReference "Alamofire" */ = {
			isa = XCRemoteSwiftPackageReference;
			repositoryURL = "https://github.com/Alamofire/Alamofire.git";
			requirement = {
				kind = upToNextMajorVersion;
				minimumVersion = 5.0.0;
			};
		};
/* End XCRemoteSwiftPackageReference section */

/* Begin XCSwiftPackageProductDependency section */
		F22C261428B2B603003CB880 /* SwiftyJSON */ = {
			isa = XCSwiftPackageProductDependency;
			package = F22C261328B2B603003CB880 /* XCRemoteSwiftPackageReference "SwiftyJSON" */;
			productName = SwiftyJSON;
		};
		F280378628A5C423001B194B /* SwiftUIGIF */ = {
			isa = XCSwiftPackageProductDependency;
			package = F280378528A5C423001B194B /* XCRemoteSwiftPackageReference "swiftui-gif" */;
			productName = SwiftUIGIF;
		};
		F2B090FC28A673BE00EDB873 /* Alamofire */ = {
			isa = XCSwiftPackageProductDependency;
			package = F2B090FB28A673BE00EDB873 /* XCRemoteSwiftPackageReference "Alamofire" */;
			productName = Alamofire;
		};
/* End XCSwiftPackageProductDependency section */
	};
	rootObject = F21AE9F128A3A764008EBF6B /* Project object */;
}
